
Microsoft Visual Studio Solution File, Format Version 12.00
# Visual Studio 15
VisualStudioVersion = 15.0.26730.16
MinimumVisualStudioVersion = 10.0.40219.1
Project("{9A19103F-16F7-4668-BE54-9A1E7A4F7556}") = "WebApplication3", "WebApplication3\WebApplication3.csproj", "{978B9527-03D4-4F44-9BC3-B36DBBCC873B}"
EndProject
Project("{9A19103F-16F7-4668-BE54-9A1E7A4F7556}") = "XUnitTestProject1", "XUnitTestProject1\XUnitTestProject1.csproj", "{24834153-E79D-403B-8A65-B1D360EDA1B6}"
EndProject
Project("{9A19103F-16F7-4668-BE54-9A1E7A4F7556}") = "TypedHttpClient", "TypedHttpClient\TypedHttpClient.csproj", "{80E94A70-E36E-4901-81F7-88DA677592ED}"
EndProject
Project("{FAE04EC0-301F-11D3-BF4B-00C04F79EFBC}") = "AppServices", "AppServices\AppServices.csproj", "{650D4FD7-66DB-47E0-96EC-801356219087}"
EndProject
Global
	GlobalSection(SolutionConfigurationPlatforms) = preSolution
		Debug|Any CPU = Debug|Any CPU
		Release|Any CPU = Release|Any CPU
	EndGlobalSection
	GlobalSection(ProjectConfigurationPlatforms) = postSolution
		{978B9527-03D4-4F44-9BC3-B36DBBCC873B}.Debug|Any CPU.ActiveCfg = Debug|Any CPU
		{978B9527-03D4-4F44-9BC3-B36DBBCC873B}.Debug|Any CPU.Build.0 = Debug|Any CPU
		{978B9527-03D4-4F44-9BC3-B36DBBCC873B}.Release|Any CPU.ActiveCfg = Release|Any CPU
		{978B9527-03D4-4F44-9BC3-B36DBBCC873B}.Release|Any CPU.Build.0 = Release|Any CPU
		{24834153-E79D-403B-8A65-B1D360EDA1B6}.Debug|Any CPU.ActiveCfg = Debug|Any CPU
		{24834153-E79D-403B-8A65-B1D360EDA1B6}.Debug|Any CPU.Build.0 = Debug|Any CPU
		{24834153-E79D-403B-8A65-B1D360EDA1B6}.Release|Any CPU.ActiveCfg = Release|Any CPU
		{24834153-E79D-403B-8A65-B1D360EDA1B6}.Release|Any CPU.Build.0 = Release|Any CPU
		{80E94A70-E36E-4901-81F7-88DA677592ED}.Debug|Any CPU.ActiveCfg = Debug|Any CPU
		{80E94A70-E36E-4901-81F7-88DA677592ED}.Debug|Any CPU.Build.0 = Debug|Any CPU
		{80E94A70-E36E-4901-81F7-88DA677592ED}.Release|Any CPU.ActiveCfg = Release|Any CPU
		{80E94A70-E36E-4901-81F7-88DA677592ED}.Release|Any CPU.Build.0 = Release|Any CPU
		{650D4FD7-66DB-47E0-96EC-801356219087}.Debug|Any CPU.ActiveCfg = Debug|Any CPU
		{650D4FD7-66DB-47E0-96EC-801356219087}.Debug|Any CPU.Build.0 = Debug|Any CPU
		{650D4FD7-66DB-47E0-96EC-801356219087}.Release|Any CPU.ActiveCfg = Release|Any CPU
		{650D4FD7-66DB-47E0-96EC-801356219087}.Release|Any CPU.Build.0 = Release|Any CPU
	EndGlobalSection
	GlobalSection(SolutionProperties) = preSolution
		HideSolutionNode = FALSE
	EndGlobalSection
	GlobalSection(ExtensibilityGlobals) = postSolution
		SolutionGuid = {B9EF75FC-AF1D-4BEF-B933-643ADF243A44}
	EndGlobalSection
EndGlobal
